
Microsoft Visual Studio Solution File, Format Version 12.00
# Visual Studio Version 16
VisualStudioVersion = 16.0.29728.190
MinimumVisualStudioVersion = 10.0.40219.1
Project("{FAE04EC0-301F-11D3-BF4B-00C04F79EFBC}") = "MvcKampi", "MvcKampi\MvcKampi.csproj", "{60DA3D3C-D5E6-41A5-86F2-021D0236B5DB}"
EndProject
Project("{FAE04EC0-301F-11D3-BF4B-00C04F79EFBC}") = "EntityLayer", "EntityLayer\EntityLayer.csproj", "{AFF7EAE7-EBDD-47A7-939C-D8F4026745DA}"
EndProject
Project("{FAE04EC0-301F-11D3-BF4B-00C04F79EFBC}") = "DataAccessLayer", "DataAccessLayer\DataAccessLayer.csproj", "{6DE06359-C0EE-4563-B3D6-01137D6611AB}"
EndProject
Project("{FAE04EC0-301F-11D3-BF4B-00C04F79EFBC}") = "BusinessLayer", "BusinessLayer\BusinessLayer.csproj", "{D5AB64F1-8B57-4402-9864-6C3F6ED6F6D5}"
EndProject
Global
	GlobalSection(SolutionConfigurationPlatforms) = preSolution
		Debug|Any CPU = Debug|Any CPU
		Release|Any CPU = Release|Any CPU
	EndGlobalSection
	GlobalSection(ProjectConfigurationPlatforms) = postSolution
		{60DA3D3C-D5E6-41A5-86F2-021D0236B5DB}.Debug|Any CPU.ActiveCfg = Debug|Any CPU
		{60DA3D3C-D5E6-41A5-86F2-021D0236B5DB}.Debug|Any CPU.Build.0 = Debug|Any CPU
		{60DA3D3C-D5E6-41A5-86F2-021D0236B5DB}.Release|Any CPU.ActiveCfg = Release|Any CPU
		{60DA3D3C-D5E6-41A5-86F2-021D0236B5DB}.Release|Any CPU.Build.0 = Release|Any CPU
		{AFF7EAE7-EBDD-47A7-939C-D8F4026745DA}.Debug|Any CPU.ActiveCfg = Debug|Any CPU
		{AFF7EAE7-EBDD-47A7-939C-D8F4026745DA}.Debug|Any CPU.Build.0 = Debug|Any CPU
		{AFF7EAE7-EBDD-47A7-939C-D8F4026745DA}.Release|Any CPU.ActiveCfg = Release|Any CPU
		{AFF7EAE7-EBDD-47A7-939C-D8F4026745DA}.Release|Any CPU.Build.0 = Release|Any CPU
		{6DE06359-C0EE-4563-B3D6-01137D6611AB}.Debug|Any CPU.ActiveCfg = Debug|Any CPU
		{6DE06359-C0EE-4563-B3D6-01137D6611AB}.Debug|Any CPU.Build.0 = Debug|Any CPU
		{6DE06359-C0EE-4563-B3D6-01137D6611AB}.Release|Any CPU.ActiveCfg = Release|Any CPU
		{6DE06359-C0EE-4563-B3D6-01137D6611AB}.Release|Any CPU.Build.0 = Release|Any CPU
		{D5AB64F1-8B57-4402-9864-6C3F6ED6F6D5}.Debug|Any CPU.ActiveCfg = Debug|Any CPU
		{D5AB64F1-8B57-4402-9864-6C3F6ED6F6D5}.Debug|Any CPU.Build.0 = Debug|Any CPU
		{D5AB64F1-8B57-4402-9864-6C3F6ED6F6D5}.Release|Any CPU.ActiveCfg = Release|Any CPU
		{D5AB64F1-8B57-4402-9864-6C3F6ED6F6D5}.Release|Any CPU.Build.0 = Release|Any CPU
	EndGlobalSection
	GlobalSection(SolutionProperties) = preSolution
		HideSolutionNode = FALSE
	EndGlobalSection
	GlobalSection(ExtensibilityGlobals) = postSolution
		SolutionGuid = {629C6924-6C48-4F2A-B258-8708DF74D392}
	EndGlobalSection
EndGlobal
